// !$*UTF8*$!
{
	archiveVersion = 1;
	classes = {
	};
	objectVersion = 46;
	objects = {

/* Begin PBXBuildFile section */
		435510C21A1AFAB000978B4C /* main.m in Sources */ = {isa = PBXBuildFile; fileRef = 435510C11A1AFAB000978B4C /* main.m */; };
		435510C51A1AFAB000978B4C /* AppDelegate.m in Sources */ = {isa = PBXBuildFile; fileRef = 435510C41A1AFAB000978B4C /* AppDelegate.m */; };
		435510C81A1AFAB000978B4C /* ViewController.m in Sources */ = {isa = PBXBuildFile; fileRef = 435510C71A1AFAB000978B4C /* ViewController.m */; };
		435510CB1A1AFAB000978B4C /* Main.storyboard in Resources */ = {isa = PBXBuildFile; fileRef = 435510C91A1AFAB000978B4C /* Main.storyboard */; };
		435510CD1A1AFAB000978B4C /* Images.xcassets in Resources */ = {isa = PBXBuildFile; fileRef = 435510CC1A1AFAB000978B4C /* Images.xcassets */; };
		435510D01A1AFAB000978B4C /* LaunchScreen.xib in Resources */ = {isa = PBXBuildFile; fileRef = 435510CE1A1AFAB000978B4C /* LaunchScreen.xib */; };
		435510DC1A1AFAB000978B4C /* GeocodeQueryTests.m in Sources */ = {isa = PBXBuildFile; fileRef = 435510DB1A1AFAB000978B4C /* GeocodeQueryTests.m */; };
		435510E61A1AFB8000978B4C /* CoreLocation.framework in Frameworks */ = {isa = PBXBuildFile; fileRef = 435510E51A1AFB8000978B4C /* CoreLocation.framework */; };
		435510E91A1AFB8400978B4C /* AddressBook.framework in Frameworks */ = {isa = PBXBuildFile; fileRef = 435510E71A1AFB8400978B4C /* AddressBook.framework */; };
		435510EA1A1AFB8400978B4C /* AddressBookUI.framework in Frameworks */ = {isa = PBXBuildFile; fileRef = 435510E81A1AFB8400978B4C /* AddressBookUI.framework */; };
		43DAB2241A1B1BB20017654C /* MyAnnotation.m in Sources */ = {isa = PBXBuildFile; fileRef = 43DAB2231A1B1BB20017654C /* MyAnnotation.m */; };
		43DAB2261A1B1C4F0017654C /* MapKit.framework in Frameworks */ = {isa = PBXBuildFile; fileRef = 43DAB2251A1B1C4F0017654C /* MapKit.framework */; };
/* End PBXBuildFile section */

/* Begin PBXContainerItemProxy section */
		435510D61A1AFAB000978B4C /* PBXContainerItemProxy */ = {
			isa = PBXContainerItemProxy;
			containerPortal = 435510B41A1AFAB000978B4C /* Project object */;
			proxyType = 1;
			remoteGlobalIDString = 435510BB1A1AFAB000978B4C;
			remoteInfo = GeocodeQuery;
		};
/* End PBXContainerItemProxy section */

/* Begin PBXFileReference section */
		435510BC1A1AFAB000978B4C /* GeocodeQuery.app */ = {isa = PBXFileReference; explicitFileType = wrapper.application; includeInIndex = 0; path = GeocodeQuery.app; sourceTree = BUILT_PRODUCTS_DIR; };
		435510C01A1AFAB000978B4C /* Info.plist */ = {isa = PBXFileReference; lastKnownFileType = text.plist.xml; path = Info.plist; sourceTree = "<group>"; };
		435510C11A1AFAB000978B4C /* main.m */ = {isa = PBXFileReference; lastKnownFileType = sourcecode.c.objc; path = main.m; sourceTree = "<group>"; };
		435510C31A1AFAB000978B4C /* AppDelegate.h */ = {isa = PBXFileReference; lastKnownFileType = sourcecode.c.h; path = AppDelegate.h; sourceTree = "<group>"; };
		435510C41A1AFAB000978B4C /* AppDelegate.m */ = {isa = PBXFileReference; lastKnownFileType = sourcecode.c.objc; path = AppDelegate.m; sourceTree = "<group>"; };
		435510C61A1AFAB000978B4C /* ViewController.h */ = {isa = PBXFileReference; lastKnownFileType = sourcecode.c.h; path = ViewController.h; sourceTree = "<group>"; };
		435510C71A1AFAB000978B4C /* ViewController.m */ = {isa = PBXFileReference; lastKnownFileType = sourcecode.c.objc; path = ViewController.m; sourceTree = "<group>"; };
		435510CA1A1AFAB000978B4C /* Base */ = {isa = PBXFileReference; lastKnownFileType = file.storyboard; name = Base; path = Base.lproj/Main.storyboard; sourceTree = "<group>"; };
		435510CC1A1AFAB000978B4C /* Images.xcassets */ = {isa = PBXFileReference; lastKnownFileType = folder.assetcatalog; path = Images.xcassets; sourceTree = "<group>"; };
		435510CF1A1AFAB000978B4C /* Base */ = {isa = PBXFileReference; lastKnownFileType = file.xib; name = Base; path = Base.lproj/LaunchScreen.xib; sourceTree = "<group>"; };
		435510D51A1AFAB000978B4C /* GeocodeQueryTests.xctest */ = {isa = PBXFileReference; explicitFileType = wrapper.cfbundle; includeInIndex = 0; path = GeocodeQueryTests.xctest; sourceTree = BUILT_PRODUCTS_DIR; };
		435510DA1A1AFAB000978B4C /* Info.plist */ = {isa = PBXFileReference; lastKnownFileType = text.plist.xml; path = Info.plist; sourceTree = "<group>"; };
		435510DB1A1AFAB000978B4C /* GeocodeQueryTests.m */ = {isa = PBXFileReference; lastKnownFileType = sourcecode.c.objc; path = GeocodeQueryTests.m; sourceTree = "<group>"; };
		435510E51A1AFB8000978B4C /* CoreLocation.framework */ = {isa = PBXFileReference; lastKnownFileType = wrapper.framework; name = CoreLocation.framework; path = System/Library/Frameworks/CoreLocation.framework; sourceTree = SDKROOT; };
		435510E71A1AFB8400978B4C /* AddressBook.framework */ = {isa = PBXFileReference; lastKnownFileType = wrapper.framework; name = AddressBook.framework; path = System/Library/Frameworks/AddressBook.framework; sourceTree = SDKROOT; };
		435510E81A1AFB8400978B4C /* AddressBookUI.framework */ = {isa = PBXFileReference; lastKnownFileType = wrapper.framework; name = AddressBookUI.framework; path = System/Library/Frameworks/AddressBookUI.framework; sourceTree = SDKROOT; };
		43DAB2221A1B1BB20017654C /* MyAnnotation.h */ = {isa = PBXFileReference; fileEncoding = 4; lastKnownFileType = sourcecode.c.h; path = MyAnnotation.h; sourceTree = "<group>"; };
		43DAB2231A1B1BB20017654C /* MyAnnotation.m */ = {isa = PBXFileReference; fileEncoding = 4; lastKnownFileType = sourcecode.c.objc; path = MyAnnotation.m; sourceTree = "<group>"; };
		43DAB2251A1B1C4F0017654C /* MapKit.framework */ = {isa = PBXFileReference; lastKnownFileType = wrapper.framework; name = MapKit.framework; path = System/Library/Frameworks/MapKit.framework; sourceTree = SDKROOT; };
/* End PBXFileReference section */

/* Begin PBXFrameworksBuildPhase section */
		435510B91A1AFAB000978B4C /* Frameworks */ = {
			isa = PBXFrameworksBuildPhase;
			buildActionMask = 2147483647;
			files = (
				43DAB2261A1B1C4F0017654C /* MapKit.framework in Frameworks */,
				435510E91A1AFB8400978B4C /* AddressBook.framework in Frameworks */,
				435510EA1A1AFB8400978B4C /* AddressBookUI.framework in Frameworks */,
				435510E61A1AFB8000978B4C /* CoreLocation.framework in Frameworks */,
			);
			runOnlyForDeploymentPostprocessing = 0;
		};
		435510D21A1AFAB000978B4C /* Frameworks */ = {
			isa = PBXFrameworksBuildPhase;
			buildActionMask = 2147483647;
			files = (
			);
			runOnlyForDeploymentPostprocessing = 0;
		};
/* End PBXFrameworksBuildPhase section */

/* Begin PBXGroup section */
		435510B31A1AFAB000978B4C = {
			isa = PBXGroup;
			children = (
				43DAB2251A1B1C4F0017654C /* MapKit.framework */,
				435510E71A1AFB8400978B4C /* AddressBook.framework */,
				435510E81A1AFB8400978B4C /* AddressBookUI.framework */,
				435510E51A1AFB8000978B4C /* CoreLocation.framework */,
				435510BE1A1AFAB000978B4C /* GeocodeQuery */,
				435510D81A1AFAB000978B4C /* GeocodeQueryTests */,
				435510BD1A1AFAB000978B4C /* Products */,
			);
			sourceTree = "<group>";
		};
		435510BD1A1AFAB000978B4C /* Products */ = {
			isa = PBXGroup;
			children = (
				435510BC1A1AFAB000978B4C /* GeocodeQuery.app */,
				435510D51A1AFAB000978B4C /* GeocodeQueryTests.xctest */,
			);
			name = Products;
			sourceTree = "<group>";
		};
		435510BE1A1AFAB000978B4C /* GeocodeQuery */ = {
			isa = PBXGroup;
			children = (
				435510C31A1AFAB000978B4C /* AppDelegate.h */,
				435510C41A1AFAB000978B4C /* AppDelegate.m */,
				435510C61A1AFAB000978B4C /* ViewController.h */,
				435510C71A1AFAB000978B4C /* ViewController.m */,
				435510C91A1AFAB000978B4C /* Main.storyboard */,
				43DAB2221A1B1BB20017654C /* MyAnnotation.h */,
				43DAB2231A1B1BB20017654C /* MyAnnotation.m */,
				435510CC1A1AFAB000978B4C /* Images.xcassets */,
				435510CE1A1AFAB000978B4C /* LaunchScreen.xib */,
				435510BF1A1AFAB000978B4C /* Supporting Files */,
			);
			path = GeocodeQuery;
			sourceTree = "<group>";
		};
		435510BF1A1AFAB000978B4C /* Supporting Files */ = {
			isa = PBXGroup;
			children = (
				435510C01A1AFAB000978B4C /* Info.plist */,
				435510C11A1AFAB000978B4C /* main.m */,
			);
			name = "Supporting Files";
			sourceTree = "<group>";
		};
		435510D81A1AFAB000978B4C /* GeocodeQueryTests */ = {
			isa = PBXGroup;
			children = (
				435510DB1A1AFAB000978B4C /* GeocodeQueryTests.m */,
				435510D91A1AFAB000978B4C /* Supporting Files */,
			);
			path = GeocodeQueryTests;
			sourceTree = "<group>";
		};
		435510D91A1AFAB000978B4C /* Supporting Files */ = {
			isa = PBXGroup;
			children = (
				435510DA1A1AFAB000978B4C /* Info.plist */,
			);
			name = "Supporting Files";
			sourceTree = "<group>";
		};
/* End PBXGroup section */

/* Begin PBXNativeTarget section */
		435510BB1A1AFAB000978B4C /* GeocodeQuery */ = {
			isa = PBXNativeTarget;
			buildConfigurationList = 435510DF1A1AFAB000978B4C /* Build configuration list for PBXNativeTarget "GeocodeQuery" */;
			buildPhases = (
				435510B81A1AFAB000978B4C /* Sources */,
				435510B91A1AFAB000978B4C /* Frameworks */,
				435510BA1A1AFAB000978B4C /* Resources */,
			);
			buildRules = (
			);
			dependencies = (
			);
			name = GeocodeQuery;
			productName = GeocodeQuery;
			productReference = 435510BC1A1AFAB000978B4C /* GeocodeQuery.app */;
			productType = "com.apple.product-type.application";
		};
		435510D41A1AFAB000978B4C /* GeocodeQueryTests */ = {
			isa = PBXNativeTarget;
			buildConfigurationList = 435510E21A1AFAB000978B4C /* Build configuration list for PBXNativeTarget "GeocodeQueryTests" */;
			buildPhases = (
				435510D11A1AFAB000978B4C /* Sources */,
				435510D21A1AFAB000978B4C /* Frameworks */,
				435510D31A1AFAB000978B4C /* Resources */,
			);
			buildRules = (
			);
			dependencies = (
				435510D71A1AFAB000978B4C /* PBXTargetDependency */,
			);
			name = GeocodeQueryTests;
			productName = GeocodeQueryTests;
			productReference = 435510D51A1AFAB000978B4C /* GeocodeQueryTests.xctest */;
			productType = "com.apple.product-type.bundle.unit-test";
		};
/* End PBXNativeTarget section */

/* Begin PBXProject section */
		435510B41A1AFAB000978B4C /* Project object */ = {
			isa = PBXProject;
			attributes = {
				LastUpgradeCheck = 0610;
				ORGANIZATIONNAME = tonyguan;
				TargetAttributes = {
					435510BB1A1AFAB000978B4C = {
						CreatedOnToolsVersion = 6.1;
					};
					435510D41A1AFAB000978B4C = {
						CreatedOnToolsVersion = 6.1;
						TestTargetID = 435510BB1A1AFAB000978B4C;
					};
				};
			};
			buildConfigurationList = 435510B71A1AFAB000978B4C /* Build configuration list for PBXProject "GeocodeQuery" */;
			compatibilityVersion = "Xcode 3.2";
			developmentRegion = English;
			hasScannedForEncodings = 0;
			knownRegions = (
				en,
				Base,
			);
			mainGroup = 435510B31A1AFAB000978B4C;
			productRefGroup = 435510BD1A1AFAB000978B4C /* Products */;
			projectDirPath = "";
			projectRoot = "";
			targets = (
				435510BB1A1AFAB000978B4C /* GeocodeQuery */,
				435510D41A1AFAB000978B4C /* GeocodeQueryTests */,
			);
		};
/* End PBXProject section */

/* Begin PBXResourcesBuildPhase section */
		435510BA1A1AFAB000978B4C /* Resources */ = {
			isa = PBXResourcesBuildPhase;
			buildActionMask = 2147483647;
			files = (
				435510CB1A1AFAB000978B4C /* Main.storyboard in Resources */,
				435510D01A1AFAB000978B4C /* LaunchScreen.xib in Resources */,
				435510CD1A1AFAB000978B4C /* Images.xcassets in Resources */,
			);
			runOnlyForDeploymentPostprocessing = 0;
		};
		435510D31A1AFAB000978B4C /* Resources */ = {
			isa = PBXResourcesBuildPhase;
			buildActionMask = 2147483647;
			files = (
			);
			runOnlyForDeploymentPostprocessing = 0;
		};
/* End PBXResourcesBuildPhase section */

/* Begin PBXSourcesBuildPhase section */
		435510B81A1AFAB000978B4C /* Sources */ = {
			isa = PBXSourcesBuildPhase;
			buildActionMask = 2147483647;
			files = (
				435510C81A1AFAB000978B4C /* ViewController.m in Sources */,
				435510C51A1AFAB000978B4C /* AppDelegate.m in Sources */,
				435510C21A1AFAB000978B4C /* main.m in Sources */,
				43DAB2241A1B1BB20017654C /* MyAnnotation.m in Sources */,
			);
			runOnlyForDeploymentPostprocessing = 0;
		};
		435510D11A1AFAB000978B4C /* Sources */ = {
			isa = PBXSourcesBuildPhase;
			buildActionMask = 2147483647;
			files = (
				435510DC1A1AFAB000978B4C /* GeocodeQueryTests.m in Sources */,
			);
			runOnlyForDeploymentPostprocessing = 0;
		};
/* End PBXSourcesBuildPhase section */

/* Begin PBXTargetDependency section */
		435510D71A1AFAB000978B4C /* PBXTargetDependency */ = {
			isa = PBXTargetDependency;
			target = 435510BB1A1AFAB000978B4C /* GeocodeQuery */;
			targetProxy = 435510D61A1AFAB000978B4C /* PBXContainerItemProxy */;
		};
/* End PBXTargetDependency section */

/* Begin PBXVariantGroup section */
		435510C91A1AFAB000978B4C /* Main.storyboard */ = {
			isa = PBXVariantGroup;
			children = (
				435510CA1A1AFAB000978B4C /* Base */,
			);
			name = Main.storyboard;
			sourceTree = "<group>";
		};
		435510CE1A1AFAB000978B4C /* LaunchScreen.xib */ = {
			isa = PBXVariantGroup;
			children = (
				435510CF1A1AFAB000978B4C /* Base */,
			);
			name = LaunchScreen.xib;
			sourceTree = "<group>";
		};
/* End PBXVariantGroup section */

/* Begin XCBuildConfiguration section */
		435510DD1A1AFAB000978B4C /* Debug */ = {
			isa = XCBuildConfiguration;
			buildSettings = {
				ALWAYS_SEARCH_USER_PATHS = NO;
				CLANG_CXX_LANGUAGE_STANDARD = "gnu++0x";
				CLANG_CXX_LIBRARY = "libc++";
				CLANG_ENABLE_MODULES = YES;
				CLANG_ENABLE_OBJC_ARC = YES;
				CLANG_WARN_BOOL_CONVERSION = YES;
				CLANG_WARN_CONSTANT_CONVERSION = YES;
				CLANG_WARN_DIRECT_OBJC_ISA_USAGE = YES_ERROR;
				CLANG_WARN_EMPTY_BODY = YES;
				CLANG_WARN_ENUM_CONVERSION = YES;
				CLANG_WARN_INT_CONVERSION = YES;
				CLANG_WARN_OBJC_ROOT_CLASS = YES_ERROR;
				CLANG_WARN_UNREACHABLE_CODE = YES;
				CLANG_WARN__DUPLICATE_METHOD_MATCH = YES;
				"CODE_SIGN_IDENTITY[sdk=iphoneos*]" = "iPhone Developer";
				COPY_PHASE_STRIP = NO;
				ENABLE_STRICT_OBJC_MSGSEND = YES;
				GCC_C_LANGUAGE_STANDARD = gnu99;
				GCC_DYNAMIC_NO_PIC = NO;
				GCC_OPTIMIZATION_LEVEL = 0;
				GCC_PREPROCESSOR_DEFINITIONS = (
					"DEBUG=1",
					"$(inherited)",
				);
				GCC_SYMBOLS_PRIVATE_EXTERN = NO;
				GCC_WARN_64_TO_32_BIT_CONVERSION = YES;
				GCC_WARN_ABOUT_RETURN_TYPE = YES_ERROR;
				GCC_WARN_UNDECLARED_SELECTOR = YES;
				GCC_WARN_UNINITIALIZED_AUTOS = YES_AGGRESSIVE;
				GCC_WARN_UNUSED_FUNCTION = YES;
				GCC_WARN_UNUSED_VARIABLE = YES;
				IPHONEOS_DEPLOYMENT_TARGET = 8.1;
				MTL_ENABLE_DEBUG_INFO = YES;
				ONLY_ACTIVE_ARCH = YES;
				SDKROOT = iphoneos;
			};
			name = Debug;
		};
		435510DE1A1AFAB000978B4C /* Release */ = {
			isa = XCBuildConfiguration;
			buildSettings = {
				ALWAYS_SEARCH_USER_PATHS = NO;
				CLANG_CXX_LANGUAGE_STANDARD = "gnu++0x";
				CLANG_CXX_LIBRARY = "libc++";
				CLANG_ENABLE_MODULES = YES;
				CLANG_ENABLE_OBJC_ARC = YES;
				CLANG_WARN_BOOL_CONVERSION = YES;
				CLANG_WARN_CONSTANT_CONVERSION = YES;
				CLANG_WARN_DIRECT_OBJC_ISA_USAGE = YES_ERROR;
				CLANG_WARN_EMPTY_BODY = YES;
				CLANG_WARN_ENUM_CONVERSION = YES;
				CLANG_WARN_INT_CONVERSION = YES;
				CLANG_WARN_OBJC_ROOT_CLASS = YES_ERROR;
				CLANG_WARN_UNREACHABLE_CODE = YES;
				CLANG_WARN__DUPLICATE_METHOD_MATCH = YES;
				"CODE_SIGN_IDENTITY[sdk=iphoneos*]" = "iPhone Developer";
				COPY_PHASE_STRIP = YES;
				ENABLE_NS_ASSERTIONS = NO;
				ENABLE_STRICT_OBJC_MSGSEND = YES;
				GCC_C_LANGUAGE_STANDARD = gnu99;
				GCC_WARN_64_TO_32_BIT_CONVERSION = YES;
				GCC_WARN_ABOUT_RETURN_TYPE = YES_ERROR;
				GCC_WARN_UNDECLARED_SELECTOR = YES;
				GCC_WARN_UNINITIALIZED_AUTOS = YES_AGGRESSIVE;
				GCC_WARN_UNUSED_FUNCTION = YES;
				GCC_WARN_UNUSED_VARIABLE = YES;
				IPHONEOS_DEPLOYMENT_TARGET = 8.1;
				MTL_ENABLE_DEBUG_INFO = NO;
				SDKROOT = iphoneos;
				VALIDATE_PRODUCT = YES;
			};
			name = Release;
		};
		435510E01A1AFAB000978B4C /* Debug */ = {
			isa = XCBuildConfiguration;
			buildSettings = {
				ASSETCATALOG_COMPILER_APPICON_NAME = AppIcon;
				INFOPLIST_FILE = GeocodeQuery/Info.plist;
				LD_RUNPATH_SEARCH_PATHS = "$(inherited) @executable_path/Frameworks";
				PRODUCT_NAME = "$(TARGET_NAME)";
			};
			name = Debug;
		};
		435510E11A1AFAB000978B4C /* Release */ = {
			isa = XCBuildConfiguration;
			buildSettings = {
				ASSETCATALOG_COMPILER_APPICON_NAME = AppIcon;
				INFOPLIST_FILE = GeocodeQuery/Info.plist;
				LD_RUNPATH_SEARCH_PATHS = "$(inherited) @executable_path/Frameworks";
				PRODUCT_NAME = "$(TARGET_NAME)";
			};
			name = Release;
		};
		435510E31A1AFAB000978B4C /* Debug */ = {
			isa = XCBuildConfiguration;
			buildSettings = {
				BUNDLE_LOADER = "$(TEST_HOST)";
				FRAMEWORK_SEARCH_PATHS = (
					"$(SDKROOT)/Developer/Library/Frameworks",
					"$(inherited)",
				);
				GCC_PREPROCESSOR_DEFINITIONS = (
					"DEBUG=1",
					"$(inherited)",
				);
				INFOPLIST_FILE = GeocodeQueryTests/Info.plist;
				LD_RUNPATH_SEARCH_PATHS = "$(inherited) @executable_path/Frameworks @loader_path/Frameworks";
				PRODUCT_NAME = "$(TARGET_NAME)";
				TEST_HOST = "$(BUILT_PRODUCTS_DIR)/GeocodeQuery.app/GeocodeQuery";
			};
			name = Debug;
		};
		435510E41A1AFAB000978B4C /* Release */ = {
			isa = XCBuildConfiguration;
			buildSettings = {
				BUNDLE_LOADER = "$(TEST_HOST)";
				FRAMEWORK_SEARCH_PATHS = (
					"$(SDKROOT)/Developer/Library/Frameworks",
					"$(inherited)",
				);
				INFOPLIST_FILE = GeocodeQueryTests/Info.plist;
				LD_RUNPATH_SEARCH_PATHS = "$(inherited) @executable_path/Frameworks @loader_path/Frameworks";
				PRODUCT_NAME = "$(TARGET_NAME)";
				TEST_HOST = "$(BUILT_PRODUCTS_DIR)/GeocodeQuery.app/GeocodeQuery";
			};
			name = Release;
		};
/* End XCBuildConfiguration section */

/* Begin XCConfigurationList section */
		435510B71A1AFAB000978B4C /* Build configuration list for PBXProject "GeocodeQuery" */ = {
			isa = XCConfigurationList;
			buildConfigurations = (
				435510DD1A1AFAB000978B4C /* Debug */,
				435510DE1A1AFAB000978B4C /* Release */,
			);
			defaultConfigurationIsVisible = 0;
			defaultConfigurationName = Release;
		};
		435510DF1A1AFAB000978B4C /* Build configuration list for PBXNativeTarget "GeocodeQuery" */ = {
			isa = XCConfigurationList;
			buildConfigurations = (
				435510E01A1AFAB000978B4C /* Debug */,
				435510E11A1AFAB000978B4C /* Release */,
			);
			defaultConfigurationIsVisible = 0;
			defaultConfigurationName = Release;
		};
		435510E21A1AFAB000978B4C /* Build configuration list for PBXNativeTarget "GeocodeQueryTests" */ = {
			isa = XCConfigurationList;
			buildConfigurations = (
				435510E31A1AFAB000978B4C /* Debug */,
				435510E41A1AFAB000978B4C /* Release */,
			);
			defaultConfigurationIsVisible = 0;
			defaultConfigurationName = Release;
		};
/* End XCConfigurationList section */
	};
	rootObject = 435510B41A1AFAB000978B4C /* Project object */;
}
