// !$*UTF8*$!
{
	archiveVersion = 1;
	classes = {
	};
	objectVersion = 46;
	objects = {

/* Begin PBXBuildFile section */
		CDC25A861CDECCEE005CD850 /* main.m in Sources */ = {isa = PBXBuildFile; fileRef = CDC25A851CDECCEE005CD850 /* main.m */; };
		CDC25A891CDECCEF005CD850 /* AppDelegate.m in Sources */ = {isa = PBXBuildFile; fileRef = CDC25A881CDECCEF005CD850 /* AppDelegate.m */; };
		CDC25A8C1CDECCEF005CD850 /* ViewController.m in Sources */ = {isa = PBXBuildFile; fileRef = CDC25A8B1CDECCEF005CD850 /* ViewController.m */; };
		CDC25A8F1CDECCEF005CD850 /* Main.storyboard in Resources */ = {isa = PBXBuildFile; fileRef = CDC25A8D1CDECCEF005CD850 /* Main.storyboard */; };
		CDC25A911CDECCEF005CD850 /* Assets.xcassets in Resources */ = {isa = PBXBuildFile; fileRef = CDC25A901CDECCEF005CD850 /* Assets.xcassets */; };
		CDC25A941CDECCEF005CD850 /* LaunchScreen.storyboard in Resources */ = {isa = PBXBuildFile; fileRef = CDC25A921CDECCEF005CD850 /* LaunchScreen.storyboard */; };
/* End PBXBuildFile section */

/* Begin PBXFileReference section */
		CDC25A811CDECCEE005CD850 /* 多点触控（手势处理器）.app */ = {isa = PBXFileReference; explicitFileType = wrapper.application; includeInIndex = 0; path = "多点触控（手势处理器）.app"; sourceTree = BUILT_PRODUCTS_DIR; };
		CDC25A851CDECCEE005CD850 /* main.m */ = {isa = PBXFileReference; lastKnownFileType = sourcecode.c.objc; path = main.m; sourceTree = "<group>"; };
		CDC25A871CDECCEF005CD850 /* AppDelegate.h */ = {isa = PBXFileReference; lastKnownFileType = sourcecode.c.h; path = AppDelegate.h; sourceTree = "<group>"; };
		CDC25A881CDECCEF005CD850 /* AppDelegate.m */ = {isa = PBXFileReference; lastKnownFileType = sourcecode.c.objc; path = AppDelegate.m; sourceTree = "<group>"; };
		CDC25A8A1CDECCEF005CD850 /* ViewController.h */ = {isa = PBXFileReference; lastKnownFileType = sourcecode.c.h; path = ViewController.h; sourceTree = "<group>"; };
		CDC25A8B1CDECCEF005CD850 /* ViewController.m */ = {isa = PBXFileReference; lastKnownFileType = sourcecode.c.objc; path = ViewController.m; sourceTree = "<group>"; };
		CDC25A8E1CDECCEF005CD850 /* Base */ = {isa = PBXFileReference; lastKnownFileType = file.storyboard; name = Base; path = Base.lproj/Main.storyboard; sourceTree = "<group>"; };
		CDC25A901CDECCEF005CD850 /* Assets.xcassets */ = {isa = PBXFileReference; lastKnownFileType = folder.assetcatalog; path = Assets.xcassets; sourceTree = "<group>"; };
		CDC25A931CDECCEF005CD850 /* Base */ = {isa = PBXFileReference; lastKnownFileType = file.storyboard; name = Base; path = Base.lproj/LaunchScreen.storyboard; sourceTree = "<group>"; };
		CDC25A951CDECCEF005CD850 /* Info.plist */ = {isa = PBXFileReference; lastKnownFileType = text.plist.xml; path = Info.plist; sourceTree = "<group>"; };
/* End PBXFileReference section */

/* Begin PBXFrameworksBuildPhase section */
		CDC25A7E1CDECCEE005CD850 /* Frameworks */ = {
			isa = PBXFrameworksBuildPhase;
			buildActionMask = 2147483647;
			files = (
			);
			runOnlyForDeploymentPostprocessing = 0;
		};
/* End PBXFrameworksBuildPhase section */

/* Begin PBXGroup section */
		CDC25A781CDECCEE005CD850 = {
			isa = PBXGroup;
			children = (
				CDC25A831CDECCEE005CD850 /* 多点触控（手势处理器） */,
				CDC25A821CDECCEE005CD850 /* Products */,
			);
			sourceTree = "<group>";
		};
		CDC25A821CDECCEE005CD850 /* Products */ = {
			isa = PBXGroup;
			children = (
				CDC25A811CDECCEE005CD850 /* 多点触控（手势处理器）.app */,
			);
			name = Products;
			sourceTree = "<group>";
		};
		CDC25A831CDECCEE005CD850 /* 多点触控（手势处理器） */ = {
			isa = PBXGroup;
			children = (
				CDC25A871CDECCEF005CD850 /* AppDelegate.h */,
				CDC25A881CDECCEF005CD850 /* AppDelegate.m */,
				CDC25A8A1CDECCEF005CD850 /* ViewController.h */,
				CDC25A8B1CDECCEF005CD850 /* ViewController.m */,
				CDC25A8D1CDECCEF005CD850 /* Main.storyboard */,
				CDC25A901CDECCEF005CD850 /* Assets.xcassets */,
				CDC25A921CDECCEF005CD850 /* LaunchScreen.storyboard */,
				CDC25A951CDECCEF005CD850 /* Info.plist */,
				CDC25A841CDECCEE005CD850 /* Supporting Files */,
			);
			path = "多点触控（手势处理器）";
			sourceTree = "<group>";
		};
		CDC25A841CDECCEE005CD850 /* Supporting Files */ = {
			isa = PBXGroup;
			children = (
				CDC25A851CDECCEE005CD850 /* main.m */,
			);
			name = "Supporting Files";
			sourceTree = "<group>";
		};
/* End PBXGroup section */

/* Begin PBXNativeTarget section */
		CDC25A801CDECCEE005CD850 /* 多点触控（手势处理器） */ = {
			isa = PBXNativeTarget;
			buildConfigurationList = CDC25A981CDECCEF005CD850 /* Build configuration list for PBXNativeTarget "多点触控（手势处理器）" */;
			buildPhases = (
				CDC25A7D1CDECCEE005CD850 /* Sources */,
				CDC25A7E1CDECCEE005CD850 /* Frameworks */,
				CDC25A7F1CDECCEE005CD850 /* Resources */,
			);
			buildRules = (
			);
			dependencies = (
			);
			name = "多点触控（手势处理器）";
			productName = "多点触控（手势处理器）";
			productReference = CDC25A811CDECCEE005CD850 /* 多点触控（手势处理器）.app */;
			productType = "com.apple.product-type.application";
		};
/* End PBXNativeTarget section */

/* Begin PBXProject section */
		CDC25A791CDECCEE005CD850 /* Project object */ = {
			isa = PBXProject;
			attributes = {
				LastUpgradeCheck = 0720;
				ORGANIZATIONNAME = lwb;
				TargetAttributes = {
					CDC25A801CDECCEE005CD850 = {
						CreatedOnToolsVersion = 7.2;
					};
				};
			};
			buildConfigurationList = CDC25A7C1CDECCEE005CD850 /* Build configuration list for PBXProject "多点触控（手势处理器）" */;
			compatibilityVersion = "Xcode 3.2";
			developmentRegion = English;
			hasScannedForEncodings = 0;
			knownRegions = (
				en,
				Base,
			);
			mainGroup = CDC25A781CDECCEE005CD850;
			productRefGroup = CDC25A821CDECCEE005CD850 /* Products */;
			projectDirPath = "";
			projectRoot = "";
			targets = (
				CDC25A801CDECCEE005CD850 /* 多点触控（手势处理器） */,
			);
		};
/* End PBXProject section */

/* Begin PBXResourcesBuildPhase section */
		CDC25A7F1CDECCEE005CD850 /* Resources */ = {
			isa = PBXResourcesBuildPhase;
			buildActionMask = 2147483647;
			files = (
				CDC25A941CDECCEF005CD850 /* LaunchScreen.storyboard in Resources */,
				CDC25A911CDECCEF005CD850 /* Assets.xcassets in Resources */,
				CDC25A8F1CDECCEF005CD850 /* Main.storyboard in Resources */,
			);
			runOnlyForDeploymentPostprocessing = 0;
		};
/* End PBXResourcesBuildPhase section */

/* Begin PBXSourcesBuildPhase section */
		CDC25A7D1CDECCEE005CD850 /* Sources */ = {
			isa = PBXSourcesBuildPhase;
			buildActionMask = 2147483647;
			files = (
				CDC25A8C1CDECCEF005CD850 /* ViewController.m in Sources */,
				CDC25A891CDECCEF005CD850 /* AppDelegate.m in Sources */,
				CDC25A861CDECCEE005CD850 /* main.m in Sources */,
			);
			runOnlyForDeploymentPostprocessing = 0;
		};
/* End PBXSourcesBuildPhase section */

/* Begin PBXVariantGroup section */
		CDC25A8D1CDECCEF005CD850 /* Main.storyboard */ = {
			isa = PBXVariantGroup;
			children = (
				CDC25A8E1CDECCEF005CD850 /* Base */,
			);
			name = Main.storyboard;
			sourceTree = "<group>";
		};
		CDC25A921CDECCEF005CD850 /* LaunchScreen.storyboard */ = {
			isa = PBXVariantGroup;
			children = (
				CDC25A931CDECCEF005CD850 /* Base */,
			);
			name = LaunchScreen.storyboard;
			sourceTree = "<group>";
		};
/* End PBXVariantGroup section */

/* Begin XCBuildConfiguration section */
		CDC25A961CDECCEF005CD850 /* Debug */ = {
			isa = XCBuildConfiguration;
			buildSettings = {
				ALWAYS_SEARCH_USER_PATHS = NO;
				CLANG_CXX_LANGUAGE_STANDARD = "gnu++0x";
				CLANG_CXX_LIBRARY = "libc++";
				CLANG_ENABLE_MODULES = YES;
				CLANG_ENABLE_OBJC_ARC = YES;
				CLANG_WARN_BOOL_CONVERSION = YES;
				CLANG_WARN_CONSTANT_CONVERSION = YES;
				CLANG_WARN_DIRECT_OBJC_ISA_USAGE = YES_ERROR;
				CLANG_WARN_EMPTY_BODY = YES;
				CLANG_WARN_ENUM_CONVERSION = YES;
				CLANG_WARN_INT_CONVERSION = YES;
				CLANG_WARN_OBJC_ROOT_CLASS = YES_ERROR;
				CLANG_WARN_UNREACHABLE_CODE = YES;
				CLANG_WARN__DUPLICATE_METHOD_MATCH = YES;
				"CODE_SIGN_IDENTITY[sdk=iphoneos*]" = "iPhone Developer";
				COPY_PHASE_STRIP = NO;
				DEBUG_INFORMATION_FORMAT = dwarf;
				ENABLE_STRICT_OBJC_MSGSEND = YES;
				ENABLE_TESTABILITY = YES;
				GCC_C_LANGUAGE_STANDARD = gnu99;
				GCC_DYNAMIC_NO_PIC = NO;
				GCC_NO_COMMON_BLOCKS = YES;
				GCC_OPTIMIZATION_LEVEL = 0;
				GCC_PREPROCESSOR_DEFINITIONS = (
					"DEBUG=1",
					"$(inherited)",
				);
				GCC_WARN_64_TO_32_BIT_CONVERSION = YES;
				GCC_WARN_ABOUT_RETURN_TYPE = YES_ERROR;
				GCC_WARN_UNDECLARED_SELECTOR = YES;
				GCC_WARN_UNINITIALIZED_AUTOS = YES_AGGRESSIVE;
				GCC_WARN_UNUSED_FUNCTION = YES;
				GCC_WARN_UNUSED_VARIABLE = YES;
				IPHONEOS_DEPLOYMENT_TARGET = 9.2;
				MTL_ENABLE_DEBUG_INFO = YES;
				ONLY_ACTIVE_ARCH = YES;
				SDKROOT = iphoneos;
			};
			name = Debug;
		};
		CDC25A971CDECCEF005CD850 /* Release */ = {
			isa = XCBuildConfiguration;
			buildSettings = {
				ALWAYS_SEARCH_USER_PATHS = NO;
				CLANG_CXX_LANGUAGE_STANDARD = "gnu++0x";
				CLANG_CXX_LIBRARY = "libc++";
				CLANG_ENABLE_MODULES = YES;
				CLANG_ENABLE_OBJC_ARC = YES;
				CLANG_WARN_BOOL_CONVERSION = YES;
				CLANG_WARN_CONSTANT_CONVERSION = YES;
				CLANG_WARN_DIRECT_OBJC_ISA_USAGE = YES_ERROR;
				CLANG_WARN_EMPTY_BODY = YES;
				CLANG_WARN_ENUM_CONVERSION = YES;
				CLANG_WARN_INT_CONVERSION = YES;
				CLANG_WARN_OBJC_ROOT_CLASS = YES_ERROR;
				CLANG_WARN_UNREACHABLE_CODE = YES;
				CLANG_WARN__DUPLICATE_METHOD_MATCH = YES;
				"CODE_SIGN_IDENTITY[sdk=iphoneos*]" = "iPhone Developer";
				COPY_PHASE_STRIP = NO;
				DEBUG_INFORMATION_FORMAT = "dwarf-with-dsym";
				ENABLE_NS_ASSERTIONS = NO;
				ENABLE_STRICT_OBJC_MSGSEND = YES;
				GCC_C_LANGUAGE_STANDARD = gnu99;
				GCC_NO_COMMON_BLOCKS = YES;
				GCC_WARN_64_TO_32_BIT_CONVERSION = YES;
				GCC_WARN_ABOUT_RETURN_TYPE = YES_ERROR;
				GCC_WARN_UNDECLARED_SELECTOR = YES;
				GCC_WARN_UNINITIALIZED_AUTOS = YES_AGGRESSIVE;
				GCC_WARN_UNUSED_FUNCTION = YES;
				GCC_WARN_UNUSED_VARIABLE = YES;
				IPHONEOS_DEPLOYMENT_TARGET = 9.2;
				MTL_ENABLE_DEBUG_INFO = NO;
				SDKROOT = iphoneos;
				VALIDATE_PRODUCT = YES;
			};
			name = Release;
		};
		CDC25A991CDECCEF005CD850 /* Debug */ = {
			isa = XCBuildConfiguration;
			buildSettings = {
				ASSETCATALOG_COMPILER_APPICON_NAME = AppIcon;
				INFOPLIST_FILE = "多点触控（手势处理器）/Info.plist";
				LD_RUNPATH_SEARCH_PATHS = "$(inherited) @executable_path/Frameworks";
				PRODUCT_BUNDLE_IDENTIFIER = "cn.-----------";
				PRODUCT_NAME = "$(TARGET_NAME)";
			};
			name = Debug;
		};
		CDC25A9A1CDECCEF005CD850 /* Release */ = {
			isa = XCBuildConfiguration;
			buildSettings = {
				ASSETCATALOG_COMPILER_APPICON_NAME = AppIcon;
				INFOPLIST_FILE = "多点触控（手势处理器）/Info.plist";
				LD_RUNPATH_SEARCH_PATHS = "$(inherited) @executable_path/Frameworks";
				PRODUCT_BUNDLE_IDENTIFIER = "cn.-----------";
				PRODUCT_NAME = "$(TARGET_NAME)";
			};
			name = Release;
		};
/* End XCBuildConfiguration section */

/* Begin XCConfigurationList section */
		CDC25A7C1CDECCEE005CD850 /* Build configuration list for PBXProject "多点触控（手势处理器）" */ = {
			isa = XCConfigurationList;
			buildConfigurations = (
				CDC25A961CDECCEF005CD850 /* Debug */,
				CDC25A971CDECCEF005CD850 /* Release */,
			);
			defaultConfigurationIsVisible = 0;
			defaultConfigurationName = Release;
		};
		CDC25A981CDECCEF005CD850 /* Build configuration list for PBXNativeTarget "多点触控（手势处理器）" */ = {
			isa = XCConfigurationList;
			buildConfigurations = (
				CDC25A991CDECCEF005CD850 /* Debug */,
				CDC25A9A1CDECCEF005CD850 /* Release */,
			);
			defaultConfigurationIsVisible = 0;
		};
/* End XCConfigurationList section */
	};
	rootObject = CDC25A791CDECCEE005CD850 /* Project object */;
}
